Microsoft Visual Studio Solution File, Format Version 12.00
# Visual Studio Version 17
VisualStudioVersion = 17.5.2.0
MinimumVisualStudioVersion = 10.0.40219.1
Project("{FAE04EC0-301F-11D3-BF4B-00C04F79EFBC}") = "blog-gen", "blog-gen.csproj", "{A49D5E64-50CE-A587-8677-6692976E5722}"
EndProject
Global
	GlobalSection(SolutionConfigurationPlatforms) = preSolution
		Debug|Any CPU = Debug|Any CPU
		Release|Any CPU = Release|Any CPU
	EndGlobalSection
	GlobalSection(ProjectConfigurationPlatforms) = postSolution
		{A49D5E64-50CE-A587-8677-6692976E5722}.Debug|Any CPU.ActiveCfg = Debug|Any CPU
		{A49D5E64-50CE-A587-8677-6692976E5722}.Debug|Any CPU.Build.0 = Debug|Any CPU
		{A49D5E64-50CE-A587-8677-6692976E5722}.Release|Any CPU.ActiveCfg = Release|Any CPU
		{A49D5E64-50CE-A587-8677-6692976E5722}.Release|Any CPU.Build.0 = Release|Any CPU
	EndGlobalSection
	GlobalSection(SolutionProperties) = preSolution
		HideSolutionNode = FALSE
	EndGlobalSection
	GlobalSection(ExtensibilityGlobals) = postSolution
		SolutionGuid = {8209D3B4-537F-4C4F-8962-91147BFF5665}
	EndGlobalSection
EndGlobal
